// !$*UTF8*$!
{
	archiveVersion = 1;
	classes = {
	};
	objectVersion = 50;
	objects = {

/* Begin PBXBuildFile section */
		900AB23B246EE7E700B65E49 /* TestRainbow.swift in Sources */ = {isa = PBXBuildFile; fileRef = 900AB23A246EE7E700B65E49 /* TestRainbow.swift */; };
		900AB23D246F6BEE00B65E49 /* GradientBorder.swift in Sources */ = {isa = PBXBuildFile; fileRef = 900AB23C246F6BEE00B65E49 /* GradientBorder.swift */; };
		900AB27224704EB900B65E49 /* AdvancedTimingRainbow.swift in Sources */ = {isa = PBXBuildFile; fileRef = 900AB27124704EB900B65E49 /* AdvancedTimingRainbow.swift */; };
		900AB27424704EF500B65E49 /* SharpGradientBorder.swift in Sources */ = {isa = PBXBuildFile; fileRef = 900AB27324704EF500B65E49 /* SharpGradientBorder.swift */; };
		900AB2762470AA8E00B65E49 /* ZIndexTestView.swift in Sources */ = {isa = PBXBuildFile; fileRef = 900AB2752470AA8E00B65E49 /* ZIndexTestView.swift */; };
		900AB2782471BA0500B65E49 /* PositionModifiers.swift in Sources */ = {isa = PBXBuildFile; fileRef = 900AB2772471BA0500B65E49 /* PositionModifiers.swift */; };
		900AB27A2471BA8900B65E49 /* SharpPositionModifier.swift in Sources */ = {isa = PBXBuildFile; fileRef = 900AB2792471BA8900B65E49 /* SharpPositionModifier.swift */; };
		900AB27C2471BD3D00B65E49 /* Colors.swift in Sources */ = {isa = PBXBuildFile; fileRef = 900AB27B2471BD3D00B65E49 /* Colors.swift */; };
		9055443C245E237300239007 /* AppDelegate.swift in Sources */ = {isa = PBXBuildFile; fileRef = 9055443B245E237300239007 /* AppDelegate.swift */; };
		9055443E245E237300239007 /* SceneDelegate.swift in Sources */ = {isa = PBXBuildFile; fileRef = 9055443D245E237300239007 /* SceneDelegate.swift */; };
		90554440245E237300239007 /* ContentView.swift in Sources */ = {isa = PBXBuildFile; fileRef = 9055443F245E237300239007 /* ContentView.swift */; };
		90554442245E237C00239007 /* Assets.xcassets in Resources */ = {isa = PBXBuildFile; fileRef = 90554441245E237C00239007 /* Assets.xcassets */; };
		90554445245E237C00239007 /* Preview Assets.xcassets in Resources */ = {isa = PBXBuildFile; fileRef = 90554444245E237C00239007 /* Preview Assets.xcassets */; };
		90554448245E237C00239007 /* LaunchScreen.storyboard in Resources */ = {isa = PBXBuildFile; fileRef = 90554446245E237C00239007 /* LaunchScreen.storyboard */; };
		90554450245E2F3100239007 /* SwiftUIView.swift in Sources */ = {isa = PBXBuildFile; fileRef = 9055444F245E2F3100239007 /* SwiftUIView.swift */; };
		90D8E2E4246EA42E002AE17D /* CustomCircle.swift in Sources */ = {isa = PBXBuildFile; fileRef = 90D8E2E3246EA42E002AE17D /* CustomCircle.swift */; };
/* End PBXBuildFile section */

/* Begin PBXFileReference section */
		900AB23A246EE7E700B65E49 /* TestRainbow.swift */ = {isa = PBXFileReference; lastKnownFileType = sourcecode.swift; path = TestRainbow.swift; sourceTree = "<group>"; };
		900AB23C246F6BEE00B65E49 /* GradientBorder.swift */ = {isa = PBXFileReference; lastKnownFileType = sourcecode.swift; path = GradientBorder.swift; sourceTree = "<group>"; };
		900AB27124704EB900B65E49 /* AdvancedTimingRainbow.swift */ = {isa = PBXFileReference; lastKnownFileType = sourcecode.swift; path = AdvancedTimingRainbow.swift; sourceTree = "<group>"; };
		900AB27324704EF500B65E49 /* SharpGradientBorder.swift */ = {isa = PBXFileReference; lastKnownFileType = sourcecode.swift; path = SharpGradientBorder.swift; sourceTree = "<group>"; };
		900AB2752470AA8E00B65E49 /* ZIndexTestView.swift */ = {isa = PBXFileReference; lastKnownFileType = sourcecode.swift; path = ZIndexTestView.swift; sourceTree = "<group>"; };
		900AB2772471BA0500B65E49 /* PositionModifiers.swift */ = {isa = PBXFileReference; lastKnownFileType = sourcecode.swift; path = PositionModifiers.swift; sourceTree = "<group>"; };
		900AB2792471BA8900B65E49 /* SharpPositionModifier.swift */ = {isa = PBXFileReference; lastKnownFileType = sourcecode.swift; path = SharpPositionModifier.swift; sourceTree = "<group>"; };
		900AB27B2471BD3D00B65E49 /* Colors.swift */ = {isa = PBXFileReference; lastKnownFileType = sourcecode.swift; path = Colors.swift; sourceTree = "<group>"; };
		90554438245E237300239007 /* animationTest.app */ = {isa = PBXFileReference; explicitFileType = wrapper.application; includeInIndex = 0; path = animationTest.app; sourceTree = BUILT_PRODUCTS_DIR; };
		9055443B245E237300239007 /* AppDelegate.swift */ = {isa = PBXFileReference; lastKnownFileType = sourcecode.swift; path = AppDelegate.swift; sourceTree = "<group>"; };
		9055443D245E237300239007 /* SceneDelegate.swift */ = {isa = PBXFileReference; lastKnownFileType = sourcecode.swift; path = SceneDelegate.swift; sourceTree = "<group>"; };
		9055443F245E237300239007 /* ContentView.swift */ = {isa = PBXFileReference; lastKnownFileType = sourcecode.swift; path = ContentView.swift; sourceTree = "<group>"; };
		90554441245E237C00239007 /* Assets.xcassets */ = {isa = PBXFileReference; lastKnownFileType = folder.assetcatalog; path = Assets.xcassets; sourceTree = "<group>"; };
		90554444245E237C00239007 /* Preview Assets.xcassets */ = {isa = PBXFileReference; lastKnownFileType = folder.assetcatalog; path = "Preview Assets.xcassets"; sourceTree = "<group>"; };
		90554447245E237C00239007 /* Base */ = {isa = PBXFileReference; lastKnownFileType = file.storyboard; name = Base; path = Base.lproj/LaunchScreen.storyboard; sourceTree = "<group>"; };
		90554449245E237C00239007 /* Info.plist */ = {isa = PBXFileReference; lastKnownFileType = text.plist.xml; path = Info.plist; sourceTree = "<group>"; };
		9055444F245E2F3100239007 /* SwiftUIView.swift */ = {isa = PBXFileReference; lastKnownFileType = sourcecode.swift; path = SwiftUIView.swift; sourceTree = "<group>"; };
		90D8E2E3246EA42E002AE17D /* CustomCircle.swift */ = {isa = PBXFileReference; lastKnownFileType = sourcecode.swift; name = CustomCircle.swift; path = animationTest/CustomCircle.swift; sourceTree = SOURCE_ROOT; };
/* End PBXFileReference section */

/* Begin PBXFrameworksBuildPhase section */
		90554435245E237300239007 /* Frameworks */ = {
			isa = PBXFrameworksBuildPhase;
			buildActionMask = 2147483647;
			files = (
			);
			runOnlyForDeploymentPostprocessing = 0;
		};
/* End PBXFrameworksBuildPhase section */

/* Begin PBXGroup section */
		9055442F245E237300239007 = {
			isa = PBXGroup;
			children = (
				9055444F245E2F3100239007 /* SwiftUIView.swift */,
				9055443A245E237300239007 /* animationTest */,
				90554439245E237300239007 /* Products */,
			);
			sourceTree = "<group>";
		};
		90554439245E237300239007 /* Products */ = {
			isa = PBXGroup;
			children = (
				90554438245E237300239007 /* animationTest.app */,
			);
			name = Products;
			sourceTree = "<group>";
		};
		9055443A245E237300239007 /* animationTest */ = {
			isa = PBXGroup;
			children = (
				9055443B245E237300239007 /* AppDelegate.swift */,
				9055443D245E237300239007 /* SceneDelegate.swift */,
				9055443F245E237300239007 /* ContentView.swift */,
				900AB23A246EE7E700B65E49 /* TestRainbow.swift */,
				900AB2772471BA0500B65E49 /* PositionModifiers.swift */,
				900AB23C246F6BEE00B65E49 /* GradientBorder.swift */,
				900AB27124704EB900B65E49 /* AdvancedTimingRainbow.swift */,
				900AB2792471BA8900B65E49 /* SharpPositionModifier.swift */,
				900AB27B2471BD3D00B65E49 /* Colors.swift */,
				900AB2752470AA8E00B65E49 /* ZIndexTestView.swift */,
				900AB27324704EF500B65E49 /* SharpGradientBorder.swift */,
				90D8E2E3246EA42E002AE17D /* CustomCircle.swift */,
				90554441245E237C00239007 /* Assets.xcassets */,
				90554446245E237C00239007 /* LaunchScreen.storyboard */,
				90554449245E237C00239007 /* Info.plist */,
				90554443245E237C00239007 /* Preview Content */,
			);
			path = animationTest;
			sourceTree = "<group>";
		};
		90554443245E237C00239007 /* Preview Content */ = {
			isa = PBXGroup;
			children = (
				90554444245E237C00239007 /* Preview Assets.xcassets */,
			);
			path = "Preview Content";
			sourceTree = "<group>";
		};
/* End PBXGroup section */

/* Begin PBXNativeTarget section */
		90554437245E237300239007 /* animationTest */ = {
			isa = PBXNativeTarget;
			buildConfigurationList = 9055444C245E237C00239007 /* Build configuration list for PBXNativeTarget "animationTest" */;
			buildPhases = (
				90554434245E237300239007 /* Sources */,
				90554435245E237300239007 /* Frameworks */,
				90554436245E237300239007 /* Resources */,
			);
			buildRules = (
			);
			dependencies = (
			);
			name = animationTest;
			productName = animationTest;
			productReference = 90554438245E237300239007 /* animationTest.app */;
			productType = "com.apple.product-type.application";
		};
/* End PBXNativeTarget section */

/* Begin PBXProject section */
		90554430245E237300239007 /* Project object */ = {
			isa = PBXProject;
			attributes = {
				LastSwiftUpdateCheck = 1140;
				LastUpgradeCheck = 1140;
				ORGANIZATIONNAME = "Франчук Андрей";
				TargetAttributes = {
					90554437245E237300239007 = {
						CreatedOnToolsVersion = 11.4;
					};
				};
			};
			buildConfigurationList = 90554433245E237300239007 /* Build configuration list for PBXProject "animationTest" */;
			compatibilityVersion = "Xcode 9.3";
			developmentRegion = en;
			hasScannedForEncodings = 0;
			knownRegions = (
				en,
				Base,
			);
			mainGroup = 9055442F245E237300239007;
			productRefGroup = 90554439245E237300239007 /* Products */;
			projectDirPath = "";
			projectRoot = "";
			targets = (
				90554437245E237300239007 /* animationTest */,
			);
		};
/* End PBXProject section */

/* Begin PBXResourcesBuildPhase section */
		90554436245E237300239007 /* Resources */ = {
			isa = PBXResourcesBuildPhase;
			buildActionMask = 2147483647;
			files = (
				90554448245E237C00239007 /* LaunchScreen.storyboard in Resources */,
				90554445245E237C00239007 /* Preview Assets.xcassets in Resources */,
				90554442245E237C00239007 /* Assets.xcassets in Resources */,
			);
			runOnlyForDeploymentPostprocessing = 0;
		};
/* End PBXResourcesBuildPhase section */

/* Begin PBXSourcesBuildPhase section */
		90554434245E237300239007 /* Sources */ = {
			isa = PBXSourcesBuildPhase;
			buildActionMask = 2147483647;
			files = (
				90D8E2E4246EA42E002AE17D /* CustomCircle.swift in Sources */,
				900AB27424704EF500B65E49 /* SharpGradientBorder.swift in Sources */,
				9055443C245E237300239007 /* AppDelegate.swift in Sources */,
				900AB23D246F6BEE00B65E49 /* GradientBorder.swift in Sources */,
				900AB27A2471BA8900B65E49 /* SharpPositionModifier.swift in Sources */,
				900AB2762470AA8E00B65E49 /* ZIndexTestView.swift in Sources */,
				9055443E245E237300239007 /* SceneDelegate.swift in Sources */,
				900AB2782471BA0500B65E49 /* PositionModifiers.swift in Sources */,
				900AB27C2471BD3D00B65E49 /* Colors.swift in Sources */,
				90554450245E2F3100239007 /* SwiftUIView.swift in Sources */,
				900AB23B246EE7E700B65E49 /* TestRainbow.swift in Sources */,
				900AB27224704EB900B65E49 /* AdvancedTimingRainbow.swift in Sources */,
				90554440245E237300239007 /* ContentView.swift in Sources */,
			);
			runOnlyForDeploymentPostprocessing = 0;
		};
/* End PBXSourcesBuildPhase section */

/* Begin PBXVariantGroup section */
		90554446245E237C00239007 /* LaunchScreen.storyboard */ = {
			isa = PBXVariantGroup;
			children = (
				90554447245E237C00239007 /* Base */,
			);
			name = LaunchScreen.storyboard;
			sourceTree = "<group>";
		};
/* End PBXVariantGroup section */

/* Begin XCBuildConfiguration section */
		9055444A245E237C00239007 /* Debug */ = {
			isa = XCBuildConfiguration;
			buildSettings = {
				ALWAYS_SEARCH_USER_PATHS = NO;
				CLANG_ANALYZER_NONNULL = YES;
				CLANG_ANALYZER_NUMBER_OBJECT_CONVERSION = YES_AGGRESSIVE;
				CLANG_CXX_LANGUAGE_STANDARD = "gnu++14";
				CLANG_CXX_LIBRARY = "libc++";
				CLANG_ENABLE_MODULES = YES;
				CLANG_ENABLE_OBJC_ARC = YES;
				CLANG_ENABLE_OBJC_WEAK = YES;
				CLANG_WARN_BLOCK_CAPTURE_AUTORELEASING = YES;
				CLANG_WARN_BOOL_CONVERSION = YES;
				CLANG_WARN_COMMA = YES;
				CLANG_WARN_CONSTANT_CONVERSION = YES;
				CLANG_WARN_DEPRECATED_OBJC_IMPLEMENTATIONS = YES;
				CLANG_WARN_DIRECT_OBJC_ISA_USAGE = YES_ERROR;
				CLANG_WARN_DOCUMENTATION_COMMENTS = YES;
				CLANG_WARN_EMPTY_BODY = YES;
				CLANG_WARN_ENUM_CONVERSION = YES;
				CLANG_WARN_INFINITE_RECURSION = YES;
				CLANG_WARN_INT_CONVERSION = YES;
				CLANG_WARN_NON_LITERAL_NULL_CONVERSION = YES;
				CLANG_WARN_OBJC_IMPLICIT_RETAIN_SELF = YES;
				CLANG_WARN_OBJC_LITERAL_CONVERSION = YES;
				CLANG_WARN_OBJC_ROOT_CLASS = YES_ERROR;
				CLANG_WARN_RANGE_LOOP_ANALYSIS = YES;
				CLANG_WARN_STRICT_PROTOTYPES = YES;
				CLANG_WARN_SUSPICIOUS_MOVE = YES;
				CLANG_WARN_UNGUARDED_AVAILABILITY = YES_AGGRESSIVE;
				CLANG_WARN_UNREACHABLE_CODE = YES;
				CLANG_WARN__DUPLICATE_METHOD_MATCH = YES;
				COPY_PHASE_STRIP = NO;
				DEBUG_INFORMATION_FORMAT = dwarf;
				ENABLE_STRICT_OBJC_MSGSEND = YES;
				ENABLE_TESTABILITY = YES;
				GCC_C_LANGUAGE_STANDARD = gnu11;
				GCC_DYNAMIC_NO_PIC = NO;
				GCC_NO_COMMON_BLOCKS = YES;
				GCC_OPTIMIZATION_LEVEL = 0;
				GCC_PREPROCESSOR_DEFINITIONS = (
					"DEBUG=1",
					"$(inherited)",
				);
				GCC_WARN_64_TO_32_BIT_CONVERSION = YES;
				GCC_WARN_ABOUT_RETURN_TYPE = YES_ERROR;
				GCC_WARN_UNDECLARED_SELECTOR = YES;
				GCC_WARN_UNINITIALIZED_AUTOS = YES_AGGRESSIVE;
				GCC_WARN_UNUSED_FUNCTION = YES;
				GCC_WARN_UNUSED_VARIABLE = YES;
				IPHONEOS_DEPLOYMENT_TARGET = 13.4;
				MTL_ENABLE_DEBUG_INFO = INCLUDE_SOURCE;
				MTL_FAST_MATH = YES;
				ONLY_ACTIVE_ARCH = YES;
				SDKROOT = iphoneos;
				SWIFT_ACTIVE_COMPILATION_CONDITIONS = DEBUG;
				SWIFT_OPTIMIZATION_LEVEL = "-Onone";
			};
			name = Debug;
		};
		9055444B245E237C00239007 /* Release */ = {
			isa = XCBuildConfiguration;
			buildSettings = {
				ALWAYS_SEARCH_USER_PATHS = NO;
				CLANG_ANALYZER_NONNULL = YES;
				CLANG_ANALYZER_NUMBER_OBJECT_CONVERSION = YES_AGGRESSIVE;
				CLANG_CXX_LANGUAGE_STANDARD = "gnu++14";
				CLANG_CXX_LIBRARY = "libc++";
				CLANG_ENABLE_MODULES = YES;
				CLANG_ENABLE_OBJC_ARC = YES;
				CLANG_ENABLE_OBJC_WEAK = YES;
				CLANG_WARN_BLOCK_CAPTURE_AUTORELEASING = YES;
				CLANG_WARN_BOOL_CONVERSION = YES;
				CLANG_WARN_COMMA = YES;
				CLANG_WARN_CONSTANT_CONVERSION = YES;
				CLANG_WARN_DEPRECATED_OBJC_IMPLEMENTATIONS = YES;
				CLANG_WARN_DIRECT_OBJC_ISA_USAGE = YES_ERROR;
				CLANG_WARN_DOCUMENTATION_COMMENTS = YES;
				CLANG_WARN_EMPTY_BODY = YES;
				CLANG_WARN_ENUM_CONVERSION = YES;
				CLANG_WARN_INFINITE_RECURSION = YES;
				CLANG_WARN_INT_CONVERSION = YES;
				CLANG_WARN_NON_LITERAL_NULL_CONVERSION = YES;
				CLANG_WARN_OBJC_IMPLICIT_RETAIN_SELF = YES;
				CLANG_WARN_OBJC_LITERAL_CONVERSION = YES;
				CLANG_WARN_OBJC_ROOT_CLASS = YES_ERROR;
				CLANG_WARN_RANGE_LOOP_ANALYSIS = YES;
				CLANG_WARN_STRICT_PROTOTYPES = YES;
				CLANG_WARN_SUSPICIOUS_MOVE = YES;
				CLANG_WARN_UNGUARDED_AVAILABILITY = YES_AGGRESSIVE;
				CLANG_WARN_UNREACHABLE_CODE = YES;
				CLANG_WARN__DUPLICATE_METHOD_MATCH = YES;
				COPY_PHASE_STRIP = NO;
				DEBUG_INFORMATION_FORMAT = "dwarf-with-dsym";
				ENABLE_NS_ASSERTIONS = NO;
				ENABLE_STRICT_OBJC_MSGSEND = YES;
				GCC_C_LANGUAGE_STANDARD = gnu11;
				GCC_NO_COMMON_BLOCKS = YES;
				GCC_WARN_64_TO_32_BIT_CONVERSION = YES;
				GCC_WARN_ABOUT_RETURN_TYPE = YES_ERROR;
				GCC_WARN_UNDECLARED_SELECTOR = YES;
				GCC_WARN_UNINITIALIZED_AUTOS = YES_AGGRESSIVE;
				GCC_WARN_UNUSED_FUNCTION = YES;
				GCC_WARN_UNUSED_VARIABLE = YES;
				IPHONEOS_DEPLOYMENT_TARGET = 13.4;
				MTL_ENABLE_DEBUG_INFO = NO;
				MTL_FAST_MATH = YES;
				SDKROOT = iphoneos;
				SWIFT_COMPILATION_MODE = wholemodule;
				SWIFT_OPTIMIZATION_LEVEL = "-O";
				VALIDATE_PRODUCT = YES;
			};
			name = Release;
		};
		9055444D245E237C00239007 /* Debug */ = {
			isa = XCBuildConfiguration;
			buildSettings = {
				ASSETCATALOG_COMPILER_APPICON_NAME = AppIcon;
				CODE_SIGN_STYLE = Automatic;
				DEVELOPMENT_ASSET_PATHS = "\"animationTest/Preview Content\"";
				DEVELOPMENT_TEAM = 6HKH9MF246;
				ENABLE_PREVIEWS = YES;
				INFOPLIST_FILE = animationTest/Info.plist;
				LD_RUNPATH_SEARCH_PATHS = (
					"$(inherited)",
					"@executable_path/Frameworks",
				);
				PRODUCT_BUNDLE_IDENTIFIER = ru.Semantic.animationTest;
				PRODUCT_NAME = "$(TARGET_NAME)";
				SWIFT_VERSION = 5.0;
				TARGETED_DEVICE_FAMILY = "1,2";
			};
			name = Debug;
		};
		9055444E245E237C00239007 /* Release */ = {
			isa = XCBuildConfiguration;
			buildSettings = {
				ASSETCATALOG_COMPILER_APPICON_NAME = AppIcon;
				CODE_SIGN_STYLE = Automatic;
				DEVELOPMENT_ASSET_PATHS = "\"animationTest/Preview Content\"";
				DEVELOPMENT_TEAM = 6HKH9MF246;
				ENABLE_PREVIEWS = YES;
				INFOPLIST_FILE = animationTest/Info.plist;
				LD_RUNPATH_SEARCH_PATHS = (
					"$(inherited)",
					"@executable_path/Frameworks",
				);
				PRODUCT_BUNDLE_IDENTIFIER = ru.Semantic.animationTest;
				PRODUCT_NAME = "$(TARGET_NAME)";
				SWIFT_VERSION = 5.0;
				TARGETED_DEVICE_FAMILY = "1,2";
			};
			name = Release;
		};
/* End XCBuildConfiguration section */

/* Begin XCConfigurationList section */
		90554433245E237300239007 /* Build configuration list for PBXProject "animationTest" */ = {
			isa = XCConfigurationList;
			buildConfigurations = (
				9055444A245E237C00239007 /* Debug */,
				9055444B245E237C00239007 /* Release */,
			);
			defaultConfigurationIsVisible = 0;
			defaultConfigurationName = Release;
		};
		9055444C245E237C00239007 /* Build configuration list for PBXNativeTarget "animationTest" */ = {
			isa = XCConfigurationList;
			buildConfigurations = (
				9055444D245E237C00239007 /* Debug */,
				9055444E245E237C00239007 /* Release */,
			);
			defaultConfigurationIsVisible = 0;
			defaultConfigurationName = Release;
		};
/* End XCConfigurationList section */
	};
	rootObject = 90554430245E237300239007 /* Project object */;
}
